PODS:
  - FontBlaster (4.1.0)
  - MGSideMenuKit (0.2.3):
    - SideMenuSwift
  - MGTemplateKit (0.2.0):
    - FontBlaster
    - UIColor_Hex_Swift (~> 4.2.0)
  - SideMenuSwift (1.0.1)
  - UIColor_Hex_Swift (4.2.0)

DEPENDENCIES:
  - MGSideMenuKit (from `../`)
  - "MGTemplateKit (from `https://haraldbregu:4a4d1162147e80549f22cafb59060bdf59c4934a@github.com/HaraldBregu/MGTemplateKit.git`)"

SPEC REPOS:
  https://github.com/cocoapods/specs.git:
    - FontBlaster
    - SideMenuSwift
    - UIColor_Hex_Swift

EXTERNAL SOURCES:
  MGSideMenuKit:
    :path: "../"
  MGTemplateKit:
    :git: "https://haraldbregu:4a4d1162147e80549f22cafb59060bdf59c4934a@github.com/HaraldBregu/MGTemplateKit.git"

CHECKOUT OPTIONS:
  MGTemplateKit:
    :commit: e2bddd04d445bd37446072eff6a5a4d3da74845f
    :git: "https://haraldbregu:4a4d1162147e80549f22cafb59060bdf59c4934a@github.com/HaraldBregu/MGTemplateKit.git"

SPEC CHECKSUMS:
  FontBlaster: 127aa66419478d1c62926c7fdb39841633344a45
  MGSideMenuKit: eaa3571037129161f7e0a6716b3964e07fa04043
  MGTemplateKit: 42b5c6d3356add2ed830003a2343020a4618b016
  SideMenuSwift: a78d47182aa03b5c07570fe57d3ba22c4561f2ce
  UIColor_Hex_Swift: bc07fc197421ee896b9ed6dcfa2054b7fbf75145

PODFILE CHECKSUM: a560d30797b662ac24d3be0083de87e19a851699

COCOAPODS: 1.6.1
